
Microsoft Visual Studio Solution File, Format Version 12.00
# Visual Studio Version 17
VisualStudioVersion = 17.0.31903.59
MinimumVisualStudioVersion = 10.0.40219.1
Project("{2150E333-8FDC-42A3-9474-1A3956D46DE8}") = "GisProject", "GisProject", "{31C6FEDD-810E-DF4F-0D58-3FF35B76F094}"
EndProject
Project("{2150E333-8FDC-42A3-9474-1A3956D46DE8}") = "src", "src", "{1F83AC9D-85E3-C19E-4ABA-1E74DF0BEFC8}"
EndProject
Project("{FAE04EC0-301F-11D3-BF4B-00C04F79EFBC}") = "GisProject.Web", "GisProject\src\GisProject.Web\GisProject.Web.csproj", "{4DF71801-096F-4FA4-8AFE-A2C089EC161C}"
EndProject
Project("{FAE04EC0-301F-11D3-BF4B-00C04F79EFBC}") = "GisProject.Data", "GisProject\src\GisProject.Data\GisProject.Data.csproj", "{FF33FF19-F44E-4702-B89E-729446067EB3}"
EndProject
Project("{FAE04EC0-301F-11D3-BF4B-00C04F79EFBC}") = "GisProject.Business", "GisProject\src\GisProject.Business\GisProject.Business.csproj", "{F575332D-4D69-49C8-BB76-6C275BC988A0}"
EndProject
Global
	GlobalSection(SolutionConfigurationPlatforms) = preSolution
		Debug|Any CPU = Debug|Any CPU
		Debug|x64 = Debug|x64
		Debug|x86 = Debug|x86
		Release|Any CPU = Release|Any CPU
		Release|x64 = Release|x64
		Release|x86 = Release|x86
	EndGlobalSection
	GlobalSection(ProjectConfigurationPlatforms) = postSolution
		{4DF71801-096F-4FA4-8AFE-A2C089EC161C}.Debug|Any CPU.ActiveCfg = Debug|Any CPU
		{4DF71801-096F-4FA4-8AFE-A2C089EC161C}.Debug|Any CPU.Build.0 = Debug|Any CPU
		{4DF71801-096F-4FA4-8AFE-A2C089EC161C}.Debug|x64.ActiveCfg = Debug|Any CPU
		{4DF71801-096F-4FA4-8AFE-A2C089EC161C}.Debug|x64.Build.0 = Debug|Any CPU
		{4DF71801-096F-4FA4-8AFE-A2C089EC161C}.Debug|x86.ActiveCfg = Debug|Any CPU
		{4DF71801-096F-4FA4-8AFE-A2C089EC161C}.Debug|x86.Build.0 = Debug|Any CPU
		{4DF71801-096F-4FA4-8AFE-A2C089EC161C}.Release|Any CPU.ActiveCfg = Release|Any CPU
		{4DF71801-096F-4FA4-8AFE-A2C089EC161C}.Release|Any CPU.Build.0 = Release|Any CPU
		{4DF71801-096F-4FA4-8AFE-A2C089EC161C}.Release|x64.ActiveCfg = Release|Any CPU
		{4DF71801-096F-4FA4-8AFE-A2C089EC161C}.Release|x64.Build.0 = Release|Any CPU
		{4DF71801-096F-4FA4-8AFE-A2C089EC161C}.Release|x86.ActiveCfg = Release|Any CPU
		{4DF71801-096F-4FA4-8AFE-A2C089EC161C}.Release|x86.Build.0 = Release|Any CPU
		{FF33FF19-F44E-4702-B89E-729446067EB3}.Debug|Any CPU.ActiveCfg = Debug|Any CPU
		{FF33FF19-F44E-4702-B89E-729446067EB3}.Debug|Any CPU.Build.0 = Debug|Any CPU
		{FF33FF19-F44E-4702-B89E-729446067EB3}.Debug|x64.ActiveCfg = Debug|Any CPU
		{FF33FF19-F44E-4702-B89E-729446067EB3}.Debug|x64.Build.0 = Debug|Any CPU
		{FF33FF19-F44E-4702-B89E-729446067EB3}.Debug|x86.ActiveCfg = Debug|Any CPU
		{FF33FF19-F44E-4702-B89E-729446067EB3}.Debug|x86.Build.0 = Debug|Any CPU
		{FF33FF19-F44E-4702-B89E-729446067EB3}.Release|Any CPU.ActiveCfg = Release|Any CPU
		{FF33FF19-F44E-4702-B89E-729446067EB3}.Release|Any CPU.Build.0 = Release|Any CPU
		{FF33FF19-F44E-4702-B89E-729446067EB3}.Release|x64.ActiveCfg = Release|Any CPU
		{FF33FF19-F44E-4702-B89E-729446067EB3}.Release|x64.Build.0 = Release|Any CPU
		{FF33FF19-F44E-4702-B89E-729446067EB3}.Release|x86.ActiveCfg = Release|Any CPU
		{FF33FF19-F44E-4702-B89E-729446067EB3}.Release|x86.Build.0 = Release|Any CPU
		{F575332D-4D69-49C8-BB76-6C275BC988A0}.Debug|Any CPU.ActiveCfg = Debug|Any CPU
		{F575332D-4D69-49C8-BB76-6C275BC988A0}.Debug|Any CPU.Build.0 = Debug|Any CPU
		{F575332D-4D69-49C8-BB76-6C275BC988A0}.Debug|x64.ActiveCfg = Debug|Any CPU
		{F575332D-4D69-49C8-BB76-6C275BC988A0}.Debug|x64.Build.0 = Debug|Any CPU
		{F575332D-4D69-49C8-BB76-6C275BC988A0}.Debug|x86.ActiveCfg = Debug|Any CPU
		{F575332D-4D69-49C8-BB76-6C275BC988A0}.Debug|x86.Build.0 = Debug|Any CPU
		{F575332D-4D69-49C8-BB76-6C275BC988A0}.Release|Any CPU.ActiveCfg = Release|Any CPU
		{F575332D-4D69-49C8-BB76-6C275BC988A0}.Release|Any CPU.Build.0 = Release|Any CPU
		{F575332D-4D69-49C8-BB76-6C275BC988A0}.Release|x64.ActiveCfg = Release|Any CPU
		{F575332D-4D69-49C8-BB76-6C275BC988A0}.Release|x64.Build.0 = Release|Any CPU
		{F575332D-4D69-49C8-BB76-6C275BC988A0}.Release|x86.ActiveCfg = Release|Any CPU
		{F575332D-4D69-49C8-BB76-6C275BC988A0}.Release|x86.Build.0 = Release|Any CPU
	EndGlobalSection
	GlobalSection(SolutionProperties) = preSolution
		HideSolutionNode = FALSE
	EndGlobalSection
	GlobalSection(NestedProjects) = preSolution
		{1F83AC9D-85E3-C19E-4ABA-1E74DF0BEFC8} = {31C6FEDD-810E-DF4F-0D58-3FF35B76F094}
		{4DF71801-096F-4FA4-8AFE-A2C089EC161C} = {1F83AC9D-85E3-C19E-4ABA-1E74DF0BEFC8}
		{FF33FF19-F44E-4702-B89E-729446067EB3} = {1F83AC9D-85E3-C19E-4ABA-1E74DF0BEFC8}
		{F575332D-4D69-49C8-BB76-6C275BC988A0} = {1F83AC9D-85E3-C19E-4ABA-1E74DF0BEFC8}
	EndGlobalSection
EndGlobal
